// !$*UTF8*$!
{
	archiveVersion = 1;
	classes = {
	};
	objectVersion = 50;
	objects = {

/* Begin PBXBuildFile section */
		3145DC0625E76ECF0076B09C /* AppDelegate.swift in Sources */ = {isa = PBXBuildFile; fileRef = 3145DC0525E76ECF0076B09C /* AppDelegate.swift */; };
		3145DC0825E76ECF0076B09C /* SceneDelegate.swift in Sources */ = {isa = PBXBuildFile; fileRef = 3145DC0725E76ECF0076B09C /* SceneDelegate.swift */; };
		3145DC0D25E76ECF0076B09C /* ListorizeApp.xcdatamodeld in Sources */ = {isa = PBXBuildFile; fileRef = 3145DC0B25E76ECF0076B09C /* ListorizeApp.xcdatamodeld */; };
		3145DC0F25E76ED10076B09C /* Assets.xcassets in Resources */ = {isa = PBXBuildFile; fileRef = 3145DC0E25E76ED10076B09C /* Assets.xcassets */; };
		3145DC1225E76ED10076B09C /* Preview Assets.xcassets in Resources */ = {isa = PBXBuildFile; fileRef = 3145DC1125E76ED10076B09C /* Preview Assets.xcassets */; };
		3145DC1525E76ED10076B09C /* LaunchScreen.storyboard in Resources */ = {isa = PBXBuildFile; fileRef = 3145DC1325E76ED10076B09C /* LaunchScreen.storyboard */; };
		3145DC1F25E770A40076B09C /* TodayView.swift in Sources */ = {isa = PBXBuildFile; fileRef = 3145DC1E25E770A40076B09C /* TodayView.swift */; };
		3145DC2325E770F50076B09C /* AddToDoView.swift in Sources */ = {isa = PBXBuildFile; fileRef = 3145DC2225E770F50076B09C /* AddToDoView.swift */; };
		3145DC3925E878660076B09C /* TomorrowAddToDoView.swift in Sources */ = {isa = PBXBuildFile; fileRef = 3145DC3825E878660076B09C /* TomorrowAddToDoView.swift */; };
		3145DC4225E8B3DC0076B09C /* ContentView.swift in Sources */ = {isa = PBXBuildFile; fileRef = 3145DC4125E8B3DC0076B09C /* ContentView.swift */; };
		3145DC4525E8B3FC0076B09C /* TomorrowView.swift in Sources */ = {isa = PBXBuildFile; fileRef = 3145DC4425E8B3FC0076B09C /* TomorrowView.swift */; };
		3145DC4A25E8B4610076B09C /* UpcomingAddToDoView.swift in Sources */ = {isa = PBXBuildFile; fileRef = 3145DC4925E8B4610076B09C /* UpcomingAddToDoView.swift */; };
		3145DC4D25E8B8830076B09C /* UpcomingView.swift in Sources */ = {isa = PBXBuildFile; fileRef = 3145DC4C25E8B8830076B09C /* UpcomingView.swift */; };
/* End PBXBuildFile section */

/* Begin PBXFileReference section */
		3145DC0225E76ECF0076B09C /* ListorizeApp.app */ = {isa = PBXFileReference; explicitFileType = wrapper.application; includeInIndex = 0; path = ListorizeApp.app; sourceTree = BUILT_PRODUCTS_DIR; };
		3145DC0525E76ECF0076B09C /* AppDelegate.swift */ = {isa = PBXFileReference; lastKnownFileType = sourcecode.swift; path = AppDelegate.swift; sourceTree = "<group>"; };
		3145DC0725E76ECF0076B09C /* SceneDelegate.swift */ = {isa = PBXFileReference; lastKnownFileType = sourcecode.swift; path = SceneDelegate.swift; sourceTree = "<group>"; };
		3145DC0C25E76ECF0076B09C /* ListorizeApp.xcdatamodel */ = {isa = PBXFileReference; lastKnownFileType = wrapper.xcdatamodel; path = ListorizeApp.xcdatamodel; sourceTree = "<group>"; };
		3145DC0E25E76ED10076B09C /* Assets.xcassets */ = {isa = PBXFileReference; lastKnownFileType = folder.assetcatalog; path = Assets.xcassets; sourceTree = "<group>"; };
		3145DC1125E76ED10076B09C /* Preview Assets.xcassets */ = {isa = PBXFileReference; lastKnownFileType = folder.assetcatalog; path = "Preview Assets.xcassets"; sourceTree = "<group>"; };
		3145DC1425E76ED10076B09C /* Base */ = {isa = PBXFileReference; lastKnownFileType = file.storyboard; name = Base; path = Base.lproj/LaunchScreen.storyboard; sourceTree = "<group>"; };
		3145DC1625E76ED10076B09C /* Info.plist */ = {isa = PBXFileReference; lastKnownFileType = text.plist.xml; path = Info.plist; sourceTree = "<group>"; };
		3145DC1E25E770A40076B09C /* TodayView.swift */ = {isa = PBXFileReference; lastKnownFileType = sourcecode.swift; path = TodayView.swift; sourceTree = "<group>"; };
		3145DC2225E770F50076B09C /* AddToDoView.swift */ = {isa = PBXFileReference; lastKnownFileType = sourcecode.swift; path = AddToDoView.swift; sourceTree = "<group>"; };
		3145DC3825E878660076B09C /* TomorrowAddToDoView.swift */ = {isa = PBXFileReference; lastKnownFileType = sourcecode.swift; path = TomorrowAddToDoView.swift; sourceTree = "<group>"; };
		3145DC4125E8B3DC0076B09C /* ContentView.swift */ = {isa = PBXFileReference; fileEncoding = 4; lastKnownFileType = sourcecode.swift; path = ContentView.swift; sourceTree = "<group>"; };
		3145DC4425E8B3FC0076B09C /* TomorrowView.swift */ = {isa = PBXFileReference; fileEncoding = 4; lastKnownFileType = sourcecode.swift; path = TomorrowView.swift; sourceTree = "<group>"; };
		3145DC4925E8B4610076B09C /* UpcomingAddToDoView.swift */ = {isa = PBXFileReference; lastKnownFileType = sourcecode.swift; path = UpcomingAddToDoView.swift; sourceTree = "<group>"; };
		3145DC4C25E8B8830076B09C /* UpcomingView.swift */ = {isa = PBXFileReference; lastKnownFileType = sourcecode.swift; path = UpcomingView.swift; sourceTree = "<group>"; };
/* End PBXFileReference section */

/* Begin PBXFrameworksBuildPhase section */
		3145DBFF25E76ECF0076B09C /* Frameworks */ = {
			isa = PBXFrameworksBuildPhase;
			buildActionMask = 2147483647;
			files = (
			);
			runOnlyForDeploymentPostprocessing = 0;
		};
/* End PBXFrameworksBuildPhase section */

/* Begin PBXGroup section */
		3145DBF925E76ECF0076B09C = {
			isa = PBXGroup;
			children = (
				3145DC0425E76ECF0076B09C /* ListorizeApp */,
				3145DC0325E76ECF0076B09C /* Products */,
			);
			sourceTree = "<group>";
		};
		3145DC0325E76ECF0076B09C /* Products */ = {
			isa = PBXGroup;
			children = (
				3145DC0225E76ECF0076B09C /* ListorizeApp.app */,
			);
			name = Products;
			sourceTree = "<group>";
		};
		3145DC0425E76ECF0076B09C /* ListorizeApp */ = {
			isa = PBXGroup;
			children = (
				3145DC1D25E770930076B09C /* Views */,
				3145DC0525E76ECF0076B09C /* AppDelegate.swift */,
				3145DC0725E76ECF0076B09C /* SceneDelegate.swift */,
				3145DC0E25E76ED10076B09C /* Assets.xcassets */,
				3145DC1325E76ED10076B09C /* LaunchScreen.storyboard */,
				3145DC1625E76ED10076B09C /* Info.plist */,
				3145DC0B25E76ECF0076B09C /* ListorizeApp.xcdatamodeld */,
				3145DC1025E76ED10076B09C /* Preview Content */,
			);
			path = ListorizeApp;
			sourceTree = "<group>";
		};
		3145DC1025E76ED10076B09C /* Preview Content */ = {
			isa = PBXGroup;
			children = (
				3145DC1125E76ED10076B09C /* Preview Assets.xcassets */,
			);
			path = "Preview Content";
			sourceTree = "<group>";
		};
		3145DC1D25E770930076B09C /* Views */ = {
			isa = PBXGroup;
			children = (
				3145DC4125E8B3DC0076B09C /* ContentView.swift */,
				3145DC1E25E770A40076B09C /* TodayView.swift */,
				3145DC2225E770F50076B09C /* AddToDoView.swift */,
				3145DC4425E8B3FC0076B09C /* TomorrowView.swift */,
				3145DC3825E878660076B09C /* TomorrowAddToDoView.swift */,
				3145DC4925E8B4610076B09C /* UpcomingAddToDoView.swift */,
				3145DC4C25E8B8830076B09C /* UpcomingView.swift */,
			);
			path = Views;
			sourceTree = "<group>";
		};
/* End PBXGroup section */

/* Begin PBXNativeTarget section */
		3145DC0125E76ECF0076B09C /* ListorizeApp */ = {
			isa = PBXNativeTarget;
			buildConfigurationList = 3145DC1925E76ED10076B09C /* Build configuration list for PBXNativeTarget "ListorizeApp" */;
			buildPhases = (
				3145DBFE25E76ECF0076B09C /* Sources */,
				3145DBFF25E76ECF0076B09C /* Frameworks */,
				3145DC0025E76ECF0076B09C /* Resources */,
			);
			buildRules = (
			);
			dependencies = (
			);
			name = ListorizeApp;
			productName = ListorizeApp;
			productReference = 3145DC0225E76ECF0076B09C /* ListorizeApp.app */;
			productType = "com.apple.product-type.application";
		};
/* End PBXNativeTarget section */

/* Begin PBXProject section */
		3145DBFA25E76ECF0076B09C /* Project object */ = {
			isa = PBXProject;
			attributes = {
				LastSwiftUpdateCheck = 1240;
				LastUpgradeCheck = 1240;
				TargetAttributes = {
					3145DC0125E76ECF0076B09C = {
						CreatedOnToolsVersion = 12.4;
					};
				};
			};
			buildConfigurationList = 3145DBFD25E76ECF0076B09C /* Build configuration list for PBXProject "ListorizeApp" */;
			compatibilityVersion = "Xcode 9.3";
			developmentRegion = en;
			hasScannedForEncodings = 0;
			knownRegions = (
				en,
				Base,
			);
			mainGroup = 3145DBF925E76ECF0076B09C;
			productRefGroup = 3145DC0325E76ECF0076B09C /* Products */;
			projectDirPath = "";
			projectRoot = "";
			targets = (
				3145DC0125E76ECF0076B09C /* ListorizeApp */,
			);
		};
/* End PBXProject section */

/* Begin PBXResourcesBuildPhase section */
		3145DC0025E76ECF0076B09C /* Resources */ = {
			isa = PBXResourcesBuildPhase;
			buildActionMask = 2147483647;
			files = (
				3145DC1525E76ED10076B09C /* LaunchScreen.storyboard in Resources */,
				3145DC1225E76ED10076B09C /* Preview Assets.xcassets in Resources */,
				3145DC0F25E76ED10076B09C /* Assets.xcassets in Resources */,
			);
			runOnlyForDeploymentPostprocessing = 0;
		};
/* End PBXResourcesBuildPhase section */

/* Begin PBXSourcesBuildPhase section */
		3145DBFE25E76ECF0076B09C /* Sources */ = {
			isa = PBXSourcesBuildPhase;
			buildActionMask = 2147483647;
			files = (
				3145DC4525E8B3FC0076B09C /* TomorrowView.swift in Sources */,
				3145DC0625E76ECF0076B09C /* AppDelegate.swift in Sources */,
				3145DC4D25E8B8830076B09C /* UpcomingView.swift in Sources */,
				3145DC0825E76ECF0076B09C /* SceneDelegate.swift in Sources */,
				3145DC2325E770F50076B09C /* AddToDoView.swift in Sources */,
				3145DC1F25E770A40076B09C /* TodayView.swift in Sources */,
				3145DC0D25E76ECF0076B09C /* ListorizeApp.xcdatamodeld in Sources */,
				3145DC4225E8B3DC0076B09C /* ContentView.swift in Sources */,
				3145DC4A25E8B4610076B09C /* UpcomingAddToDoView.swift in Sources */,
				3145DC3925E878660076B09C /* TomorrowAddToDoView.swift in Sources */,
			);
			runOnlyForDeploymentPostprocessing = 0;
		};
/* End PBXSourcesBuildPhase section */

/* Begin PBXVariantGroup section */
		3145DC1325E76ED10076B09C /* LaunchScreen.storyboard */ = {
			isa = PBXVariantGroup;
			children = (
				3145DC1425E76ED10076B09C /* Base */,
			);
			name = LaunchScreen.storyboard;
			sourceTree = "<group>";
		};
/* End PBXVariantGroup section */

/* Begin XCBuildConfiguration section */
		3145DC1725E76ED10076B09C /* Debug */ = {
			isa = XCBuildConfiguration;
			buildSettings = {
				ALWAYS_SEARCH_USER_PATHS = NO;
				CLANG_ANALYZER_NONNULL = YES;
				CLANG_ANALYZER_NUMBER_OBJECT_CONVERSION = YES_AGGRESSIVE;
				CLANG_CXX_LANGUAGE_STANDARD = "gnu++14";
				CLANG_CXX_LIBRARY = "libc++";
				CLANG_ENABLE_MODULES = YES;
				CLANG_ENABLE_OBJC_ARC = YES;
				CLANG_ENABLE_OBJC_WEAK = YES;
				CLANG_WARN_BLOCK_CAPTURE_AUTORELEASING = YES;
				CLANG_WARN_BOOL_CONVERSION = YES;
				CLANG_WARN_COMMA = YES;
				CLANG_WARN_CONSTANT_CONVERSION = YES;
				CLANG_WARN_DEPRECATED_OBJC_IMPLEMENTATIONS = YES;
				CLANG_WARN_DIRECT_OBJC_ISA_USAGE = YES_ERROR;
				CLANG_WARN_DOCUMENTATION_COMMENTS = YES;
				CLANG_WARN_EMPTY_BODY = YES;
				CLANG_WARN_ENUM_CONVERSION = YES;
				CLANG_WARN_INFINITE_RECURSION = YES;
				CLANG_WARN_INT_CONVERSION = YES;
				CLANG_WARN_NON_LITERAL_NULL_CONVERSION = YES;
				CLANG_WARN_OBJC_IMPLICIT_RETAIN_SELF = YES;
				CLANG_WARN_OBJC_LITERAL_CONVERSION = YES;
				CLANG_WARN_OBJC_ROOT_CLASS = YES_ERROR;
				CLANG_WARN_QUOTED_INCLUDE_IN_FRAMEWORK_HEADER = YES;
				CLANG_WARN_RANGE_LOOP_ANALYSIS = YES;
				CLANG_WARN_STRICT_PROTOTYPES = YES;
				CLANG_WARN_SUSPICIOUS_MOVE = YES;
				CLANG_WARN_UNGUARDED_AVAILABILITY = YES_AGGRESSIVE;
				CLANG_WARN_UNREACHABLE_CODE = YES;
				CLANG_WARN__DUPLICATE_METHOD_MATCH = YES;
				COPY_PHASE_STRIP = NO;
				DEBUG_INFORMATION_FORMAT = dwarf;
				ENABLE_STRICT_OBJC_MSGSEND = YES;
				ENABLE_TESTABILITY = YES;
				GCC_C_LANGUAGE_STANDARD = gnu11;
				GCC_DYNAMIC_NO_PIC = NO;
				GCC_NO_COMMON_BLOCKS = YES;
				GCC_OPTIMIZATION_LEVEL = 0;
				GCC_PREPROCESSOR_DEFINITIONS = (
					"DEBUG=1",
					"$(inherited)",
				);
				GCC_WARN_64_TO_32_BIT_CONVERSION = YES;
				GCC_WARN_ABOUT_RETURN_TYPE = YES_ERROR;
				GCC_WARN_UNDECLARED_SELECTOR = YES;
				GCC_WARN_UNINITIALIZED_AUTOS = YES_AGGRESSIVE;
				GCC_WARN_UNUSED_FUNCTION = YES;
				GCC_WARN_UNUSED_VARIABLE = YES;
				IPHONEOS_DEPLOYMENT_TARGET = 14.4;
				MTL_ENABLE_DEBUG_INFO = INCLUDE_SOURCE;
				MTL_FAST_MATH = YES;
				ONLY_ACTIVE_ARCH = YES;
				SDKROOT = iphoneos;
				SWIFT_ACTIVE_COMPILATION_CONDITIONS = DEBUG;
				SWIFT_OPTIMIZATION_LEVEL = "-Onone";
			};
			name = Debug;
		};
		3145DC1825E76ED10076B09C /* Release */ = {
			isa = XCBuildConfiguration;
			buildSettings = {
				ALWAYS_SEARCH_USER_PATHS = NO;
				CLANG_ANALYZER_NONNULL = YES;
				CLANG_ANALYZER_NUMBER_OBJECT_CONVERSION = YES_AGGRESSIVE;
				CLANG_CXX_LANGUAGE_STANDARD = "gnu++14";
				CLANG_CXX_LIBRARY = "libc++";
				CLANG_ENABLE_MODULES = YES;
				CLANG_ENABLE_OBJC_ARC = YES;
				CLANG_ENABLE_OBJC_WEAK = YES;
				CLANG_WARN_BLOCK_CAPTURE_AUTORELEASING = YES;
				CLANG_WARN_BOOL_CONVERSION = YES;
				CLANG_WARN_COMMA = YES;
				CLANG_WARN_CONSTANT_CONVERSION = YES;
				CLANG_WARN_DEPRECATED_OBJC_IMPLEMENTATIONS = YES;
				CLANG_WARN_DIRECT_OBJC_ISA_USAGE = YES_ERROR;
				CLANG_WARN_DOCUMENTATION_COMMENTS = YES;
				CLANG_WARN_EMPTY_BODY = YES;
				CLANG_WARN_ENUM_CONVERSION = YES;
				CLANG_WARN_INFINITE_RECURSION = YES;
				CLANG_WARN_INT_CONVERSION = YES;
				CLANG_WARN_NON_LITERAL_NULL_CONVERSION = YES;
				CLANG_WARN_OBJC_IMPLICIT_RETAIN_SELF = YES;
				CLANG_WARN_OBJC_LITERAL_CONVERSION = YES;
				CLANG_WARN_OBJC_ROOT_CLASS = YES_ERROR;
				CLANG_WARN_QUOTED_INCLUDE_IN_FRAMEWORK_HEADER = YES;
				CLANG_WARN_RANGE_LOOP_ANALYSIS = YES;
				CLANG_WARN_STRICT_PROTOTYPES = YES;
				CLANG_WARN_SUSPICIOUS_MOVE = YES;
				CLANG_WARN_UNGUARDED_AVAILABILITY = YES_AGGRESSIVE;
				CLANG_WARN_UNREACHABLE_CODE = YES;
				CLANG_WARN__DUPLICATE_METHOD_MATCH = YES;
				COPY_PHASE_STRIP = NO;
				DEBUG_INFORMATION_FORMAT = "dwarf-with-dsym";
				ENABLE_NS_ASSERTIONS = NO;
				ENABLE_STRICT_OBJC_MSGSEND = YES;
				GCC_C_LANGUAGE_STANDARD = gnu11;
				GCC_NO_COMMON_BLOCKS = YES;
				GCC_WARN_64_TO_32_BIT_CONVERSION = YES;
				GCC_WARN_ABOUT_RETURN_TYPE = YES_ERROR;
				GCC_WARN_UNDECLARED_SELECTOR = YES;
				GCC_WARN_UNINITIALIZED_AUTOS = YES_AGGRESSIVE;
				GCC_WARN_UNUSED_FUNCTION = YES;
				GCC_WARN_UNUSED_VARIABLE = YES;
				IPHONEOS_DEPLOYMENT_TARGET = 14.4;
				MTL_ENABLE_DEBUG_INFO = NO;
				MTL_FAST_MATH = YES;
				SDKROOT = iphoneos;
				SWIFT_COMPILATION_MODE = wholemodule;
				SWIFT_OPTIMIZATION_LEVEL = "-O";
				VALIDATE_PRODUCT = YES;
			};
			name = Release;
		};
		3145DC1A25E76ED10076B09C /* Debug */ = {
			isa = XCBuildConfiguration;
			buildSettings = {
				ASSETCATALOG_COMPILER_APPICON_NAME = AppIcon;
				ASSETCATALOG_COMPILER_GLOBAL_ACCENT_COLOR_NAME = AccentColor;
				CODE_SIGN_STYLE = Automatic;
				DEVELOPMENT_ASSET_PATHS = "\"ListorizeApp/Preview Content\"";
				DEVELOPMENT_TEAM = V4N683XCV6;
				ENABLE_PREVIEWS = YES;
				INFOPLIST_FILE = ListorizeApp/Info.plist;
				LD_RUNPATH_SEARCH_PATHS = (
					"$(inherited)",
					"@executable_path/Frameworks",
				);
				PRODUCT_BUNDLE_IDENTIFIER = "Jody-Clelland.ListorizeApp";
				PRODUCT_NAME = "$(TARGET_NAME)";
				SWIFT_VERSION = 5.0;
				TARGETED_DEVICE_FAMILY = "1,2";
			};
			name = Debug;
		};
		3145DC1B25E76ED10076B09C /* Release */ = {
			isa = XCBuildConfiguration;
			buildSettings = {
				ASSETCATALOG_COMPILER_APPICON_NAME = AppIcon;
				ASSETCATALOG_COMPILER_GLOBAL_ACCENT_COLOR_NAME = AccentColor;
				CODE_SIGN_STYLE = Automatic;
				DEVELOPMENT_ASSET_PATHS = "\"ListorizeApp/Preview Content\"";
				DEVELOPMENT_TEAM = V4N683XCV6;
				ENABLE_PREVIEWS = YES;
				INFOPLIST_FILE = ListorizeApp/Info.plist;
				LD_RUNPATH_SEARCH_PATHS = (
					"$(inherited)",
					"@executable_path/Frameworks",
				);
				PRODUCT_BUNDLE_IDENTIFIER = "Jody-Clelland.ListorizeApp";
				PRODUCT_NAME = "$(TARGET_NAME)";
				SWIFT_VERSION = 5.0;
				TARGETED_DEVICE_FAMILY = "1,2";
			};
			name = Release;
		};
/* End XCBuildConfiguration section */

/* Begin XCConfigurationList section */
		3145DBFD25E76ECF0076B09C /* Build configuration list for PBXProject "ListorizeApp" */ = {
			isa = XCConfigurationList;
			buildConfigurations = (
				3145DC1725E76ED10076B09C /* Debug */,
				3145DC1825E76ED10076B09C /* Release */,
			);
			defaultConfigurationIsVisible = 0;
			defaultConfigurationName = Release;
		};
		3145DC1925E76ED10076B09C /* Build configuration list for PBXNativeTarget "ListorizeApp" */ = {
			isa = XCConfigurationList;
			buildConfigurations = (
				3145DC1A25E76ED10076B09C /* Debug */,
				3145DC1B25E76ED10076B09C /* Release */,
			);
			defaultConfigurationIsVisible = 0;
			defaultConfigurationName = Release;
		};
/* End XCConfigurationList section */

/* Begin XCVersionGroup section */
		3145DC0B25E76ECF0076B09C /* ListorizeApp.xcdatamodeld */ = {
			isa = XCVersionGroup;
			children = (
				3145DC0C25E76ECF0076B09C /* ListorizeApp.xcdatamodel */,
			);
			currentVersion = 3145DC0C25E76ECF0076B09C /* ListorizeApp.xcdatamodel */;
			path = ListorizeApp.xcdatamodeld;
			sourceTree = "<group>";
			versionGroupType = wrapper.xcdatamodel;
		};
/* End XCVersionGroup section */
	};
	rootObject = 3145DBFA25E76ECF0076B09C /* Project object */;
}
